
Microsoft Visual Studio Solution File, Format Version 12.00
# Visual Studio 14
VisualStudioVersion = 14.0.25420.1
MinimumVisualStudioVersion = 10.0.40219.1
Project("{FAE04EC0-301F-11D3-BF4B-00C04F79EFBC}") = "StarWarsAPI", "StarWarsAPI\StarWarsAPI.csproj", "{6F78F529-7B31-4E06-938D-2CD38F6166D6}"
EndProject
Project("{FAE04EC0-301F-11D3-BF4B-00C04F79EFBC}") = "StarWarsAPI.Tests", "StarWarsAPI.Tests\StarWarsAPI.Tests.csproj", "{CF761792-D3C6-4F84-9E82-EE1D1FEA9CD6}"
EndProject
Project("{FAE04EC0-301F-11D3-BF4B-00C04F79EFBC}") = "StarWars.DAL", "StarWars.DAL\StarWars.DAL.csproj", "{5400B427-6620-4D27-B98F-BF1F0FABCC40}"
EndProject
Project("{FAE04EC0-301F-11D3-BF4B-00C04F79EFBC}") = "StarWars.Data", "StarWars.Data\StarWars.Data.csproj", "{34EB1CEA-A0A3-476B-9441-DA558794E657}"
EndProject
Project("{FAE04EC0-301F-11D3-BF4B-00C04F79EFBC}") = "StarWars.Models", "StarWars.Models\StarWars.Models.csproj", "{E7954A05-3BB4-4858-AE8F-7B45DAA755F9}"
EndProject
Global
	GlobalSection(SolutionConfigurationPlatforms) = preSolution
		Debug|Any CPU = Debug|Any CPU
		Release|Any CPU = Release|Any CPU
	EndGlobalSection
	GlobalSection(ProjectConfigurationPlatforms) = postSolution
		{6F78F529-7B31-4E06-938D-2CD38F6166D6}.Debug|Any CPU.ActiveCfg = Debug|Any CPU
		{6F78F529-7B31-4E06-938D-2CD38F6166D6}.Debug|Any CPU.Build.0 = Debug|Any CPU
		{6F78F529-7B31-4E06-938D-2CD38F6166D6}.Release|Any CPU.ActiveCfg = Release|Any CPU
		{6F78F529-7B31-4E06-938D-2CD38F6166D6}.Release|Any CPU.Build.0 = Release|Any CPU
		{CF761792-D3C6-4F84-9E82-EE1D1FEA9CD6}.Debug|Any CPU.ActiveCfg = Debug|Any CPU
		{CF761792-D3C6-4F84-9E82-EE1D1FEA9CD6}.Debug|Any CPU.Build.0 = Debug|Any CPU
		{CF761792-D3C6-4F84-9E82-EE1D1FEA9CD6}.Release|Any CPU.ActiveCfg = Release|Any CPU
		{CF761792-D3C6-4F84-9E82-EE1D1FEA9CD6}.Release|Any CPU.Build.0 = Release|Any CPU
		{5400B427-6620-4D27-B98F-BF1F0FABCC40}.Debug|Any CPU.ActiveCfg = Debug|Any CPU
		{5400B427-6620-4D27-B98F-BF1F0FABCC40}.Debug|Any CPU.Build.0 = Debug|Any CPU
		{5400B427-6620-4D27-B98F-BF1F0FABCC40}.Release|Any CPU.ActiveCfg = Release|Any CPU
		{5400B427-6620-4D27-B98F-BF1F0FABCC40}.Release|Any CPU.Build.0 = Release|Any CPU
		{34EB1CEA-A0A3-476B-9441-DA558794E657}.Debug|Any CPU.ActiveCfg = Debug|Any CPU
		{34EB1CEA-A0A3-476B-9441-DA558794E657}.Debug|Any CPU.Build.0 = Debug|Any CPU
		{34EB1CEA-A0A3-476B-9441-DA558794E657}.Release|Any CPU.ActiveCfg = Release|Any CPU
		{34EB1CEA-A0A3-476B-9441-DA558794E657}.Release|Any CPU.Build.0 = Release|Any CPU
		{E7954A05-3BB4-4858-AE8F-7B45DAA755F9}.Debug|Any CPU.ActiveCfg = Debug|Any CPU
		{E7954A05-3BB4-4858-AE8F-7B45DAA755F9}.Debug|Any CPU.Build.0 = Debug|Any CPU
		{E7954A05-3BB4-4858-AE8F-7B45DAA755F9}.Release|Any CPU.ActiveCfg = Release|Any CPU
		{E7954A05-3BB4-4858-AE8F-7B45DAA755F9}.Release|Any CPU.Build.0 = Release|Any CPU
	EndGlobalSection
	GlobalSection(SolutionProperties) = preSolution
		HideSolutionNode = FALSE
	EndGlobalSection
EndGlobal
